
Microsoft Visual Studio Solution File, Format Version 12.00
# Visual Studio Version 17
VisualStudioVersion = 17.0.31815.197
MinimumVisualStudioVersion = 10.0.40219.1
Project("{9A19103F-16F7-4668-BE54-9A1E7A4F7556}") = "Learning", "Learning\Learning.csproj", "{ABADC593-FE7B-4C0E-BBE0-95C281801BEF}"
EndProject
Project("{9A19103F-16F7-4668-BE54-9A1E7A4F7556}") = "Maze", "Maze\Maze.csproj", "{5DD53E4E-D104-466F-816B-3C44C4D1DFBD}"
EndProject
Project("{9A19103F-16F7-4668-BE54-9A1E7A4F7556}") = "TicTacToe", "TicTacToe\TicTacToe.csproj", "{F7D36F6C-3581-42B7-9E35-CEA769690C94}"
EndProject
Project("{9A19103F-16F7-4668-BE54-9A1E7A4F7556}") = "Checkers", "Checkers\Checkers.csproj", "{4377D3E5-C9D9-49A7-82E8-6FF23D5B0BBA}"
EndProject
Project("{9A19103F-16F7-4668-BE54-9A1E7A4F7556}") = "Checkers.Tests", "Checkers.Tests\Checkers.Tests.csproj", "{3AB3A796-E973-41A4-9740-F2E855997768}"
EndProject
Project("{2150E333-8FDC-42A3-9474-1A3956D46DE8}") = "Digits", "Digits", "{094EF391-1529-4AF1-B83C-ECCB68F85CE3}"
EndProject
Project("{9A19103F-16F7-4668-BE54-9A1E7A4F7556}") = "Viewer", "Digits\Viewer\Viewer.csproj", "{615C2D01-A707-4C3F-950A-1AD0B3F2BE04}"
EndProject
Project("{9A19103F-16F7-4668-BE54-9A1E7A4F7556}") = "mnist", "Digits\mnist\mnist.csproj", "{BC3134E7-FB0A-4640-8078-0058F8EEBF63}"
EndProject
Project("{9A19103F-16F7-4668-BE54-9A1E7A4F7556}") = "mnistdriver", "Digits\mnistdriver\mnistdriver.csproj", "{9B66B9FC-D5D6-48C9-9BD3-C3B359404126}"
EndProject
Project("{9A19103F-16F7-4668-BE54-9A1E7A4F7556}") = "mnist.Tests", "Digits\mnist.Tests\mnist.Tests.csproj", "{982A65D2-1A65-4CCF-A9F7-CC7DDA0B07BB}"
EndProject
Project("{9A19103F-16F7-4668-BE54-9A1E7A4F7556}") = "Learning.Tests", "Learning.Tests\Learning.Tests.csproj", "{B560E3DE-5727-407D-819F-CB1C87E3498C}"
EndProject
Project("{2150E333-8FDC-42A3-9474-1A3956D46DE8}") = "CartPole", "CartPole", "{51EB31A3-9982-4135-90A7-65980D625997}"
EndProject
Project("{9A19103F-16F7-4668-BE54-9A1E7A4F7556}") = "CartPole", "CartPole\CartPole\CartPole.csproj", "{C510EE0E-9A57-411C-AD73-7F144915AFE3}"
EndProject
Project("{9A19103F-16F7-4668-BE54-9A1E7A4F7556}") = "CartPoleDriver", "CartPole\CartPoleDriver\CartPoleDriver.csproj", "{D3518182-2762-4F97-A0D3-F72F88E91D3E}"
EndProject
Project("{9A19103F-16F7-4668-BE54-9A1E7A4F7556}") = "CartPole.Tests", "CartPole\CartPole.Tests\CartPole.Tests.csproj", "{2F6A05DB-39F2-45EE-B1B0-873EB077B51F}"
EndProject
Project("{9A19103F-16F7-4668-BE54-9A1E7A4F7556}") = "TeeGame", "TeeGame\TeeGame.csproj", "{1B66756C-153D-4FD8-B012-63B57E56EB79}"
EndProject
Project("{FAE04EC0-301F-11D3-BF4B-00C04F79EFBC}") = "Booop", "Booop\Booop.csproj", "{EA50E0DE-8432-40E8-9747-CE4C8CC9810D}"
EndProject
Project("{FAE04EC0-301F-11D3-BF4B-00C04F79EFBC}") = "TinyGPT", "TinyGPT\TinyGPT.csproj", "{1B82F282-29C7-4BA0-B3AB-F91999BB3898}"
EndProject
Global
	GlobalSection(SolutionConfigurationPlatforms) = preSolution
		Debug|Any CPU = Debug|Any CPU
		Release|Any CPU = Release|Any CPU
	EndGlobalSection
	GlobalSection(ProjectConfigurationPlatforms) = postSolution
		{ABADC593-FE7B-4C0E-BBE0-95C281801BEF}.Debug|Any CPU.ActiveCfg = Debug|Any CPU
		{ABADC593-FE7B-4C0E-BBE0-95C281801BEF}.Debug|Any CPU.Build.0 = Debug|Any CPU
		{ABADC593-FE7B-4C0E-BBE0-95C281801BEF}.Release|Any CPU.ActiveCfg = Release|Any CPU
		{ABADC593-FE7B-4C0E-BBE0-95C281801BEF}.Release|Any CPU.Build.0 = Release|Any CPU
		{5DD53E4E-D104-466F-816B-3C44C4D1DFBD}.Debug|Any CPU.ActiveCfg = Debug|Any CPU
		{5DD53E4E-D104-466F-816B-3C44C4D1DFBD}.Debug|Any CPU.Build.0 = Debug|Any CPU
		{5DD53E4E-D104-466F-816B-3C44C4D1DFBD}.Release|Any CPU.ActiveCfg = Release|Any CPU
		{5DD53E4E-D104-466F-816B-3C44C4D1DFBD}.Release|Any CPU.Build.0 = Release|Any CPU
		{F7D36F6C-3581-42B7-9E35-CEA769690C94}.Debug|Any CPU.ActiveCfg = Debug|Any CPU
		{F7D36F6C-3581-42B7-9E35-CEA769690C94}.Debug|Any CPU.Build.0 = Debug|Any CPU
		{F7D36F6C-3581-42B7-9E35-CEA769690C94}.Release|Any CPU.ActiveCfg = Release|Any CPU
		{F7D36F6C-3581-42B7-9E35-CEA769690C94}.Release|Any CPU.Build.0 = Release|Any CPU
		{4377D3E5-C9D9-49A7-82E8-6FF23D5B0BBA}.Debug|Any CPU.ActiveCfg = Debug|Any CPU
		{4377D3E5-C9D9-49A7-82E8-6FF23D5B0BBA}.Debug|Any CPU.Build.0 = Debug|Any CPU
		{4377D3E5-C9D9-49A7-82E8-6FF23D5B0BBA}.Release|Any CPU.ActiveCfg = Release|Any CPU
		{4377D3E5-C9D9-49A7-82E8-6FF23D5B0BBA}.Release|Any CPU.Build.0 = Release|Any CPU
		{3AB3A796-E973-41A4-9740-F2E855997768}.Debug|Any CPU.ActiveCfg = Debug|Any CPU
		{3AB3A796-E973-41A4-9740-F2E855997768}.Debug|Any CPU.Build.0 = Debug|Any CPU
		{3AB3A796-E973-41A4-9740-F2E855997768}.Release|Any CPU.ActiveCfg = Release|Any CPU
		{3AB3A796-E973-41A4-9740-F2E855997768}.Release|Any CPU.Build.0 = Release|Any CPU
		{615C2D01-A707-4C3F-950A-1AD0B3F2BE04}.Debug|Any CPU.ActiveCfg = Debug|Any CPU
		{615C2D01-A707-4C3F-950A-1AD0B3F2BE04}.Debug|Any CPU.Build.0 = Debug|Any CPU
		{615C2D01-A707-4C3F-950A-1AD0B3F2BE04}.Release|Any CPU.ActiveCfg = Release|Any CPU
		{615C2D01-A707-4C3F-950A-1AD0B3F2BE04}.Release|Any CPU.Build.0 = Release|Any CPU
		{BC3134E7-FB0A-4640-8078-0058F8EEBF63}.Debug|Any CPU.ActiveCfg = Debug|Any CPU
		{BC3134E7-FB0A-4640-8078-0058F8EEBF63}.Debug|Any CPU.Build.0 = Debug|Any CPU
		{BC3134E7-FB0A-4640-8078-0058F8EEBF63}.Release|Any CPU.ActiveCfg = Release|Any CPU
		{BC3134E7-FB0A-4640-8078-0058F8EEBF63}.Release|Any CPU.Build.0 = Release|Any CPU
		{9B66B9FC-D5D6-48C9-9BD3-C3B359404126}.Debug|Any CPU.ActiveCfg = Debug|Any CPU
		{9B66B9FC-D5D6-48C9-9BD3-C3B359404126}.Debug|Any CPU.Build.0 = Debug|Any CPU
		{9B66B9FC-D5D6-48C9-9BD3-C3B359404126}.Release|Any CPU.ActiveCfg = Release|Any CPU
		{9B66B9FC-D5D6-48C9-9BD3-C3B359404126}.Release|Any CPU.Build.0 = Release|Any CPU
		{982A65D2-1A65-4CCF-A9F7-CC7DDA0B07BB}.Debug|Any CPU.ActiveCfg = Debug|Any CPU
		{982A65D2-1A65-4CCF-A9F7-CC7DDA0B07BB}.Debug|Any CPU.Build.0 = Debug|Any CPU
		{982A65D2-1A65-4CCF-A9F7-CC7DDA0B07BB}.Release|Any CPU.ActiveCfg = Release|Any CPU
		{982A65D2-1A65-4CCF-A9F7-CC7DDA0B07BB}.Release|Any CPU.Build.0 = Release|Any CPU
		{B560E3DE-5727-407D-819F-CB1C87E3498C}.Debug|Any CPU.ActiveCfg = Debug|Any CPU
		{B560E3DE-5727-407D-819F-CB1C87E3498C}.Debug|Any CPU.Build.0 = Debug|Any CPU
		{B560E3DE-5727-407D-819F-CB1C87E3498C}.Release|Any CPU.ActiveCfg = Release|Any CPU
		{B560E3DE-5727-407D-819F-CB1C87E3498C}.Release|Any CPU.Build.0 = Release|Any CPU
		{C510EE0E-9A57-411C-AD73-7F144915AFE3}.Debug|Any CPU.ActiveCfg = Debug|Any CPU
		{C510EE0E-9A57-411C-AD73-7F144915AFE3}.Debug|Any CPU.Build.0 = Debug|Any CPU
		{C510EE0E-9A57-411C-AD73-7F144915AFE3}.Release|Any CPU.ActiveCfg = Release|Any CPU
		{C510EE0E-9A57-411C-AD73-7F144915AFE3}.Release|Any CPU.Build.0 = Release|Any CPU
		{D3518182-2762-4F97-A0D3-F72F88E91D3E}.Debug|Any CPU.ActiveCfg = Debug|Any CPU
		{D3518182-2762-4F97-A0D3-F72F88E91D3E}.Debug|Any CPU.Build.0 = Debug|Any CPU
		{D3518182-2762-4F97-A0D3-F72F88E91D3E}.Release|Any CPU.ActiveCfg = Release|Any CPU
		{D3518182-2762-4F97-A0D3-F72F88E91D3E}.Release|Any CPU.Build.0 = Release|Any CPU
		{2F6A05DB-39F2-45EE-B1B0-873EB077B51F}.Debug|Any CPU.ActiveCfg = Debug|Any CPU
		{2F6A05DB-39F2-45EE-B1B0-873EB077B51F}.Debug|Any CPU.Build.0 = Debug|Any CPU
		{2F6A05DB-39F2-45EE-B1B0-873EB077B51F}.Release|Any CPU.ActiveCfg = Release|Any CPU
		{2F6A05DB-39F2-45EE-B1B0-873EB077B51F}.Release|Any CPU.Build.0 = Release|Any CPU
		{1B66756C-153D-4FD8-B012-63B57E56EB79}.Debug|Any CPU.ActiveCfg = Debug|Any CPU
		{1B66756C-153D-4FD8-B012-63B57E56EB79}.Debug|Any CPU.Build.0 = Debug|Any CPU
		{1B66756C-153D-4FD8-B012-63B57E56EB79}.Release|Any CPU.ActiveCfg = Release|Any CPU
		{1B66756C-153D-4FD8-B012-63B57E56EB79}.Release|Any CPU.Build.0 = Release|Any CPU
		{EA50E0DE-8432-40E8-9747-CE4C8CC9810D}.Debug|Any CPU.ActiveCfg = Debug|Any CPU
		{EA50E0DE-8432-40E8-9747-CE4C8CC9810D}.Debug|Any CPU.Build.0 = Debug|Any CPU
		{EA50E0DE-8432-40E8-9747-CE4C8CC9810D}.Release|Any CPU.ActiveCfg = Release|Any CPU
		{EA50E0DE-8432-40E8-9747-CE4C8CC9810D}.Release|Any CPU.Build.0 = Release|Any CPU
		{1B82F282-29C7-4BA0-B3AB-F91999BB3898}.Debug|Any CPU.ActiveCfg = Debug|Any CPU
		{1B82F282-29C7-4BA0-B3AB-F91999BB3898}.Debug|Any CPU.Build.0 = Debug|Any CPU
		{1B82F282-29C7-4BA0-B3AB-F91999BB3898}.Release|Any CPU.ActiveCfg = Release|Any CPU
		{1B82F282-29C7-4BA0-B3AB-F91999BB3898}.Release|Any CPU.Build.0 = Release|Any CPU
	EndGlobalSection
	GlobalSection(SolutionProperties) = preSolution
		HideSolutionNode = FALSE
	EndGlobalSection
	GlobalSection(NestedProjects) = preSolution
		{615C2D01-A707-4C3F-950A-1AD0B3F2BE04} = {094EF391-1529-4AF1-B83C-ECCB68F85CE3}
		{BC3134E7-FB0A-4640-8078-0058F8EEBF63} = {094EF391-1529-4AF1-B83C-ECCB68F85CE3}
		{9B66B9FC-D5D6-48C9-9BD3-C3B359404126} = {094EF391-1529-4AF1-B83C-ECCB68F85CE3}
		{982A65D2-1A65-4CCF-A9F7-CC7DDA0B07BB} = {094EF391-1529-4AF1-B83C-ECCB68F85CE3}
		{C510EE0E-9A57-411C-AD73-7F144915AFE3} = {51EB31A3-9982-4135-90A7-65980D625997}
		{D3518182-2762-4F97-A0D3-F72F88E91D3E} = {51EB31A3-9982-4135-90A7-65980D625997}
		{2F6A05DB-39F2-45EE-B1B0-873EB077B51F} = {51EB31A3-9982-4135-90A7-65980D625997}
	EndGlobalSection
	GlobalSection(ExtensibilityGlobals) = postSolution
		SolutionGuid = {46492048-FB56-4BFA-BED3-7C94FB169444}
	EndGlobalSection
EndGlobal
