Microsoft Visual Studio Solution File, Format Version 12.00
# Visual Studio Version 17
VisualStudioVersion = 17.5.2.0
MinimumVisualStudioVersion = 10.0.40219.1
Project("{FAE04EC0-301F-11D3-BF4B-00C04F79EFBC}") = "blocks.engine", "blocks.engine\blocks.engine.csproj", "{187325B2-4E80-AD6E-CD62-DC9E4EFAC9C1}"
EndProject
Global
	GlobalSection(SolutionConfigurationPlatforms) = preSolution
		Debug|Any CPU = Debug|Any CPU
		Release|Any CPU = Release|Any CPU
	EndGlobalSection
	GlobalSection(ProjectConfigurationPlatforms) = postSolution
		{187325B2-4E80-AD6E-CD62-DC9E4EFAC9C1}.Debug|Any CPU.ActiveCfg = Debug|Any CPU
		{187325B2-4E80-AD6E-CD62-DC9E4EFAC9C1}.Debug|Any CPU.Build.0 = Debug|Any CPU
		{187325B2-4E80-AD6E-CD62-DC9E4EFAC9C1}.Release|Any CPU.ActiveCfg = Release|Any CPU
		{187325B2-4E80-AD6E-CD62-DC9E4EFAC9C1}.Release|Any CPU.Build.0 = Release|Any CPU
	EndGlobalSection
	GlobalSection(SolutionProperties) = preSolution
		HideSolutionNode = FALSE
	EndGlobalSection
	GlobalSection(ExtensibilityGlobals) = postSolution
		SolutionGuid = {D21FFEF3-EDB4-47F4-9D3B-A6DEEFAAC260}
	EndGlobalSection
EndGlobal
